
Microsoft Visual Studio Solution File, Format Version 12.00
# Visual Studio Version 17
VisualStudioVersion = 17.3.32825.248
MinimumVisualStudioVersion = 10.0.40219.1
Project("{FAE04EC0-301F-11D3-BF4B-00C04F79EFBC}") = "GenericPartialApplication", "GenericPartialApplication\GenericPartialApplication.csproj", "{0FEA7E03-C600-4435-BA88-ACC261D0367C}"
EndProject
Project("{FAE04EC0-301F-11D3-BF4B-00C04F79EFBC}") = "GenericPartialApplication.Tests", "GenericPartialApplication.Tests\GenericPartialApplication.Tests.csproj", "{45E3CF0A-A05C-4F6A-AE17-BFAD686452C7}"
EndProject
Global
	GlobalSection(SolutionConfigurationPlatforms) = preSolution
		Debug|Any CPU = Debug|Any CPU
		Release|Any CPU = Release|Any CPU
	EndGlobalSection
	GlobalSection(ProjectConfigurationPlatforms) = postSolution
		{0FEA7E03-C600-4435-BA88-ACC261D0367C}.Debug|Any CPU.ActiveCfg = Debug|Any CPU
		{0FEA7E03-C600-4435-BA88-ACC261D0367C}.Debug|Any CPU.Build.0 = Debug|Any CPU
		{0FEA7E03-C600-4435-BA88-ACC261D0367C}.Release|Any CPU.ActiveCfg = Release|Any CPU
		{0FEA7E03-C600-4435-BA88-ACC261D0367C}.Release|Any CPU.Build.0 = Release|Any CPU
		{45E3CF0A-A05C-4F6A-AE17-BFAD686452C7}.Debug|Any CPU.ActiveCfg = Debug|Any CPU
		{45E3CF0A-A05C-4F6A-AE17-BFAD686452C7}.Debug|Any CPU.Build.0 = Debug|Any CPU
		{45E3CF0A-A05C-4F6A-AE17-BFAD686452C7}.Release|Any CPU.ActiveCfg = Release|Any CPU
		{45E3CF0A-A05C-4F6A-AE17-BFAD686452C7}.Release|Any CPU.Build.0 = Release|Any CPU
	EndGlobalSection
	GlobalSection(SolutionProperties) = preSolution
		HideSolutionNode = FALSE
	EndGlobalSection
	GlobalSection(ExtensibilityGlobals) = postSolution
		SolutionGuid = {54162B52-AA5E-41E5-AB80-AA97D500C5C4}
	EndGlobalSection
EndGlobal
